// !$*UTF8*$!
{
	archiveVersion = 1;
	classes = {
	};
	objectVersion = 51;
	objects = {

/* Begin PBXBuildFile section */
		37493E36521CB64211A98BA6 /* Pods_swiftSdkTestTests.framework in Frameworks */ = {isa = PBXBuildFile; fileRef = EFAA874E75849667AB3FEAB2 /* Pods_swiftSdkTestTests.framework */; };
		7FDE5E70AA2BA6D8DBFF65D6 /* Pods_swiftSdkTest.framework in Frameworks */ = {isa = PBXBuildFile; fileRef = 0E8C30C2ADEA199D94FDC9A2 /* Pods_swiftSdkTest.framework */; };
		A440CC34265FE78900DA5BD1 /* AppDelegate.swift in Sources */ = {isa = PBXBuildFile; fileRef = A440CC33265FE78900DA5BD1 /* AppDelegate.swift */; };
		A440CC36265FE78900DA5BD1 /* SceneDelegate.swift in Sources */ = {isa = PBXBuildFile; fileRef = A440CC35265FE78900DA5BD1 /* SceneDelegate.swift */; };
		A440CC38265FE78900DA5BD1 /* ContentView.swift in Sources */ = {isa = PBXBuildFile; fileRef = A440CC37265FE78900DA5BD1 /* ContentView.swift */; };
		A440CC3A265FE78B00DA5BD1 /* Assets.xcassets in Resources */ = {isa = PBXBuildFile; fileRef = A440CC39265FE78B00DA5BD1 /* Assets.xcassets */; };
		A440CC3D265FE78B00DA5BD1 /* Preview Assets.xcassets in Resources */ = {isa = PBXBuildFile; fileRef = A440CC3C265FE78B00DA5BD1 /* Preview Assets.xcassets */; };
		A440CC40265FE78B00DA5BD1 /* LaunchScreen.storyboard in Resources */ = {isa = PBXBuildFile; fileRef = A440CC3E265FE78B00DA5BD1 /* LaunchScreen.storyboard */; };
		A440CC4B265FE78B00DA5BD1 /* swiftSdkTestTests.swift in Sources */ = {isa = PBXBuildFile; fileRef = A440CC4A265FE78B00DA5BD1 /* swiftSdkTestTests.swift */; };
		A440CC56265FE78B00DA5BD1 /* swiftSdkTestUITests.swift in Sources */ = {isa = PBXBuildFile; fileRef = A440CC55265FE78B00DA5BD1 /* swiftSdkTestUITests.swift */; };
		EE6D859F648EB08C9E961D83 /* Pods_swiftSdkTest_swiftSdkTestUITests.framework in Frameworks */ = {isa = PBXBuildFile; fileRef = A4BAA3671271AA08DD91CCAD /* Pods_swiftSdkTest_swiftSdkTestUITests.framework */; };
/* End PBXBuildFile section */

/* Begin PBXContainerItemProxy section */
		A440CC47265FE78B00DA5BD1 /* PBXContainerItemProxy */ = {
			isa = PBXContainerItemProxy;
			containerPortal = A440CC28265FE78900DA5BD1 /* Project object */;
			proxyType = 1;
			remoteGlobalIDString = A440CC2F265FE78900DA5BD1;
			remoteInfo = swiftSdkTest;
		};
		A440CC52265FE78B00DA5BD1 /* PBXContainerItemProxy */ = {
			isa = PBXContainerItemProxy;
			containerPortal = A440CC28265FE78900DA5BD1 /* Project object */;
			proxyType = 1;
			remoteGlobalIDString = A440CC2F265FE78900DA5BD1;
			remoteInfo = swiftSdkTest;
		};
/* End PBXContainerItemProxy section */

/* Begin PBXFileReference section */
		0E8C30C2ADEA199D94FDC9A2 /* Pods_swiftSdkTest.framework */ = {isa = PBXFileReference; explicitFileType = wrapper.framework; includeInIndex = 0; path = Pods_swiftSdkTest.framework; sourceTree = BUILT_PRODUCTS_DIR; };
		32735B930A74B93786A5DEF3 /* Pods-swiftSdkTestTests.debug.xcconfig */ = {isa = PBXFileReference; includeInIndex = 1; lastKnownFileType = text.xcconfig; name = "Pods-swiftSdkTestTests.debug.xcconfig"; path = "Target Support Files/Pods-swiftSdkTestTests/Pods-swiftSdkTestTests.debug.xcconfig"; sourceTree = "<group>"; };
		85AC5F48B6E99CA81998DE75 /* Pods-swiftSdkTest.release.xcconfig */ = {isa = PBXFileReference; includeInIndex = 1; lastKnownFileType = text.xcconfig; name = "Pods-swiftSdkTest.release.xcconfig"; path = "Target Support Files/Pods-swiftSdkTest/Pods-swiftSdkTest.release.xcconfig"; sourceTree = "<group>"; };
		A440CC30265FE78900DA5BD1 /* swiftSdkTest.app */ = {isa = PBXFileReference; explicitFileType = wrapper.application; includeInIndex = 0; path = swiftSdkTest.app; sourceTree = BUILT_PRODUCTS_DIR; };
		A440CC33265FE78900DA5BD1 /* AppDelegate.swift */ = {isa = PBXFileReference; lastKnownFileType = sourcecode.swift; path = AppDelegate.swift; sourceTree = "<group>"; };
		A440CC35265FE78900DA5BD1 /* SceneDelegate.swift */ = {isa = PBXFileReference; lastKnownFileType = sourcecode.swift; path = SceneDelegate.swift; sourceTree = "<group>"; };
		A440CC37265FE78900DA5BD1 /* ContentView.swift */ = {isa = PBXFileReference; lastKnownFileType = sourcecode.swift; path = ContentView.swift; sourceTree = "<group>"; };
		A440CC39265FE78B00DA5BD1 /* Assets.xcassets */ = {isa = PBXFileReference; lastKnownFileType = folder.assetcatalog; path = Assets.xcassets; sourceTree = "<group>"; };
		A440CC3C265FE78B00DA5BD1 /* Preview Assets.xcassets */ = {isa = PBXFileReference; lastKnownFileType = folder.assetcatalog; path = "Preview Assets.xcassets"; sourceTree = "<group>"; };
		A440CC3F265FE78B00DA5BD1 /* Base */ = {isa = PBXFileReference; lastKnownFileType = file.storyboard; name = Base; path = Base.lproj/LaunchScreen.storyboard; sourceTree = "<group>"; };
		A440CC41265FE78B00DA5BD1 /* Info.plist */ = {isa = PBXFileReference; lastKnownFileType = text.plist.xml; path = Info.plist; sourceTree = "<group>"; };
		A440CC46265FE78B00DA5BD1 /* swiftSdkTestTests.xctest */ = {isa = PBXFileReference; explicitFileType = wrapper.cfbundle; includeInIndex = 0; path = swiftSdkTestTests.xctest; sourceTree = BUILT_PRODUCTS_DIR; };
		A440CC4A265FE78B00DA5BD1 /* swiftSdkTestTests.swift */ = {isa = PBXFileReference; lastKnownFileType = sourcecode.swift; path = swiftSdkTestTests.swift; sourceTree = "<group>"; };
		A440CC4C265FE78B00DA5BD1 /* Info.plist */ = {isa = PBXFileReference; lastKnownFileType = text.plist.xml; path = Info.plist; sourceTree = "<group>"; };
		A440CC51265FE78B00DA5BD1 /* swiftSdkTestUITests.xctest */ = {isa = PBXFileReference; explicitFileType = wrapper.cfbundle; includeInIndex = 0; path = swiftSdkTestUITests.xctest; sourceTree = BUILT_PRODUCTS_DIR; };
		A440CC55265FE78B00DA5BD1 /* swiftSdkTestUITests.swift */ = {isa = PBXFileReference; lastKnownFileType = sourcecode.swift; path = swiftSdkTestUITests.swift; sourceTree = "<group>"; };
		A440CC57265FE78B00DA5BD1 /* Info.plist */ = {isa = PBXFileReference; lastKnownFileType = text.plist.xml; path = Info.plist; sourceTree = "<group>"; };
		A4BAA3671271AA08DD91CCAD /* Pods_swiftSdkTest_swiftSdkTestUITests.framework */ = {isa = PBXFileReference; explicitFileType = wrapper.framework; includeInIndex = 0; path = Pods_swiftSdkTest_swiftSdkTestUITests.framework; sourceTree = BUILT_PRODUCTS_DIR; };
		A7F4F20D6E0446D4A3CC9D79 /* Pods-swiftSdkTest-swiftSdkTestUITests.debug.xcconfig */ = {isa = PBXFileReference; includeInIndex = 1; lastKnownFileType = text.xcconfig; name = "Pods-swiftSdkTest-swiftSdkTestUITests.debug.xcconfig"; path = "Target Support Files/Pods-swiftSdkTest-swiftSdkTestUITests/Pods-swiftSdkTest-swiftSdkTestUITests.debug.xcconfig"; sourceTree = "<group>"; };
		A85844F232F65207D99363FF /* Pods-swiftSdkTestTests.release.xcconfig */ = {isa = PBXFileReference; includeInIndex = 1; lastKnownFileType = text.xcconfig; name = "Pods-swiftSdkTestTests.release.xcconfig"; path = "Target Support Files/Pods-swiftSdkTestTests/Pods-swiftSdkTestTests.release.xcconfig"; sourceTree = "<group>"; };
		A9D4C0C756A9774E4D77AAF1 /* Pods-swiftSdkTest-swiftSdkTestUITests.release.xcconfig */ = {isa = PBXFileReference; includeInIndex = 1; lastKnownFileType = text.xcconfig; name = "Pods-swiftSdkTest-swiftSdkTestUITests.release.xcconfig"; path = "Target Support Files/Pods-swiftSdkTest-swiftSdkTestUITests/Pods-swiftSdkTest-swiftSdkTestUITests.release.xcconfig"; sourceTree = "<group>"; };
		DE920E5895CB6A07BF6A65F0 /* Pods-swiftSdkTest.debug.xcconfig */ = {isa = PBXFileReference; includeInIndex = 1; lastKnownFileType = text.xcconfig; name = "Pods-swiftSdkTest.debug.xcconfig"; path = "Target Support Files/Pods-swiftSdkTest/Pods-swiftSdkTest.debug.xcconfig"; sourceTree = "<group>"; };
		EFAA874E75849667AB3FEAB2 /* Pods_swiftSdkTestTests.framework */ = {isa = PBXFileReference; explicitFileType = wrapper.framework; includeInIndex = 0; path = Pods_swiftSdkTestTests.framework; sourceTree = BUILT_PRODUCTS_DIR; };
/* End PBXFileReference section */

/* Begin PBXFrameworksBuildPhase section */
		A440CC2D265FE78900DA5BD1 /* Frameworks */ = {
			isa = PBXFrameworksBuildPhase;
			buildActionMask = 2147483647;
			files = (
				7FDE5E70AA2BA6D8DBFF65D6 /* Pods_swiftSdkTest.framework in Frameworks */,
			);
			runOnlyForDeploymentPostprocessing = 0;
		};
		A440CC43265FE78B00DA5BD1 /* Frameworks */ = {
			isa = PBXFrameworksBuildPhase;
			buildActionMask = 2147483647;
			files = (
				37493E36521CB64211A98BA6 /* Pods_swiftSdkTestTests.framework in Frameworks */,
			);
			runOnlyForDeploymentPostprocessing = 0;
		};
		A440CC4E265FE78B00DA5BD1 /* Frameworks */ = {
			isa = PBXFrameworksBuildPhase;
			buildActionMask = 2147483647;
			files = (
				EE6D859F648EB08C9E961D83 /* Pods_swiftSdkTest_swiftSdkTestUITests.framework in Frameworks */,
			);
			runOnlyForDeploymentPostprocessing = 0;
		};
/* End PBXFrameworksBuildPhase section */

/* Begin PBXGroup section */
		8FB9D4F369267746FDF61172 /* Pods */ = {
			isa = PBXGroup;
			children = (
				DE920E5895CB6A07BF6A65F0 /* Pods-swiftSdkTest.debug.xcconfig */,
				85AC5F48B6E99CA81998DE75 /* Pods-swiftSdkTest.release.xcconfig */,
				A7F4F20D6E0446D4A3CC9D79 /* Pods-swiftSdkTest-swiftSdkTestUITests.debug.xcconfig */,
				A9D4C0C756A9774E4D77AAF1 /* Pods-swiftSdkTest-swiftSdkTestUITests.release.xcconfig */,
				32735B930A74B93786A5DEF3 /* Pods-swiftSdkTestTests.debug.xcconfig */,
				A85844F232F65207D99363FF /* Pods-swiftSdkTestTests.release.xcconfig */,
			);
			path = Pods;
			sourceTree = "<group>";
		};
		9374D12E17C25DE6CEAF6C2D /* Frameworks */ = {
			isa = PBXGroup;
			children = (
				0E8C30C2ADEA199D94FDC9A2 /* Pods_swiftSdkTest.framework */,
				A4BAA3671271AA08DD91CCAD /* Pods_swiftSdkTest_swiftSdkTestUITests.framework */,
				EFAA874E75849667AB3FEAB2 /* Pods_swiftSdkTestTests.framework */,
			);
			name = Frameworks;
			sourceTree = "<group>";
		};
		A440CC27265FE78900DA5BD1 = {
			isa = PBXGroup;
			children = (
				A440CC32265FE78900DA5BD1 /* swiftSdkTest */,
				A440CC49265FE78B00DA5BD1 /* swiftSdkTestTests */,
				A440CC54265FE78B00DA5BD1 /* swiftSdkTestUITests */,
				A440CC31265FE78900DA5BD1 /* Products */,
				8FB9D4F369267746FDF61172 /* Pods */,
				9374D12E17C25DE6CEAF6C2D /* Frameworks */,
			);
			sourceTree = "<group>";
		};
		A440CC31265FE78900DA5BD1 /* Products */ = {
			isa = PBXGroup;
			children = (
				A440CC30265FE78900DA5BD1 /* swiftSdkTest.app */,
				A440CC46265FE78B00DA5BD1 /* swiftSdkTestTests.xctest */,
				A440CC51265FE78B00DA5BD1 /* swiftSdkTestUITests.xctest */,
			);
			name = Products;
			sourceTree = "<group>";
		};
		A440CC32265FE78900DA5BD1 /* swiftSdkTest */ = {
			isa = PBXGroup;
			children = (
				A440CC33265FE78900DA5BD1 /* AppDelegate.swift */,
				A440CC35265FE78900DA5BD1 /* SceneDelegate.swift */,
				A440CC37265FE78900DA5BD1 /* ContentView.swift */,
				A440CC39265FE78B00DA5BD1 /* Assets.xcassets */,
				A440CC3E265FE78B00DA5BD1 /* LaunchScreen.storyboard */,
				A440CC41265FE78B00DA5BD1 /* Info.plist */,
				A440CC3B265FE78B00DA5BD1 /* Preview Content */,
			);
			path = swiftSdkTest;
			sourceTree = "<group>";
		};
		A440CC3B265FE78B00DA5BD1 /* Preview Content */ = {
			isa = PBXGroup;
			children = (
				A440CC3C265FE78B00DA5BD1 /* Preview Assets.xcassets */,
			);
			path = "Preview Content";
			sourceTree = "<group>";
		};
		A440CC49265FE78B00DA5BD1 /* swiftSdkTestTests */ = {
			isa = PBXGroup;
			children = (
				A440CC4A265FE78B00DA5BD1 /* swiftSdkTestTests.swift */,
				A440CC4C265FE78B00DA5BD1 /* Info.plist */,
			);
			path = swiftSdkTestTests;
			sourceTree = "<group>";
		};
		A440CC54265FE78B00DA5BD1 /* swiftSdkTestUITests */ = {
			isa = PBXGroup;
			children = (
				A440CC55265FE78B00DA5BD1 /* swiftSdkTestUITests.swift */,
				A440CC57265FE78B00DA5BD1 /* Info.plist */,
			);
			path = swiftSdkTestUITests;
			sourceTree = "<group>";
		};
/* End PBXGroup section */

/* Begin PBXNativeTarget section */
		A440CC2F265FE78900DA5BD1 /* swiftSdkTest */ = {
			isa = PBXNativeTarget;
			buildConfigurationList = A440CC5A265FE78B00DA5BD1 /* Build configuration list for PBXNativeTarget "swiftSdkTest" */;
			buildPhases = (
				7F72C2E8154C5A0CCB7C26A1 /* [CP] Check Pods Manifest.lock */,
				A440CC2C265FE78900DA5BD1 /* Sources */,
				A440CC2D265FE78900DA5BD1 /* Frameworks */,
				A440CC2E265FE78900DA5BD1 /* Resources */,
				2C6B42A7CB0D83BBA951C173 /* [CP] Embed Pods Frameworks */,
			);
			buildRules = (
			);
			dependencies = (
			);
			name = swiftSdkTest;
			productName = swiftSdkTest;
			productReference = A440CC30265FE78900DA5BD1 /* swiftSdkTest.app */;
			productType = "com.apple.product-type.application";
		};
		A440CC45265FE78B00DA5BD1 /* swiftSdkTestTests */ = {
			isa = PBXNativeTarget;
			buildConfigurationList = A440CC5D265FE78B00DA5BD1 /* Build configuration list for PBXNativeTarget "swiftSdkTestTests" */;
			buildPhases = (
				C2D767578053B8905C3E7576 /* [CP] Check Pods Manifest.lock */,
				A440CC42265FE78B00DA5BD1 /* Sources */,
				A440CC43265FE78B00DA5BD1 /* Frameworks */,
				A440CC44265FE78B00DA5BD1 /* Resources */,
			);
			buildRules = (
			);
			dependencies = (
				A440CC48265FE78B00DA5BD1 /* PBXTargetDependency */,
			);
			name = swiftSdkTestTests;
			productName = swiftSdkTestTests;
			productReference = A440CC46265FE78B00DA5BD1 /* swiftSdkTestTests.xctest */;
			productType = "com.apple.product-type.bundle.unit-test";
		};
		A440CC50265FE78B00DA5BD1 /* swiftSdkTestUITests */ = {
			isa = PBXNativeTarget;
			buildConfigurationList = A440CC60265FE78B00DA5BD1 /* Build configuration list for PBXNativeTarget "swiftSdkTestUITests" */;
			buildPhases = (
				9559628F5E5C54FC35F4E92C /* [CP] Check Pods Manifest.lock */,
				A440CC4D265FE78B00DA5BD1 /* Sources */,
				A440CC4E265FE78B00DA5BD1 /* Frameworks */,
				A440CC4F265FE78B00DA5BD1 /* Resources */,
				F7AF3E4FEB705AE876B17899 /* [CP] Embed Pods Frameworks */,
			);
			buildRules = (
			);
			dependencies = (
				A440CC53265FE78B00DA5BD1 /* PBXTargetDependency */,
			);
			name = swiftSdkTestUITests;
			productName = swiftSdkTestUITests;
			productReference = A440CC51265FE78B00DA5BD1 /* swiftSdkTestUITests.xctest */;
			productType = "com.apple.product-type.bundle.ui-testing";
		};
/* End PBXNativeTarget section */

/* Begin PBXProject section */
		A440CC28265FE78900DA5BD1 /* Project object */ = {
			isa = PBXProject;
			attributes = {
				LastSwiftUpdateCheck = 1250;
				LastUpgradeCheck = 1250;
				TargetAttributes = {
					A440CC2F265FE78900DA5BD1 = {
						CreatedOnToolsVersion = 12.5;
					};
					A440CC45265FE78B00DA5BD1 = {
						CreatedOnToolsVersion = 12.5;
						TestTargetID = A440CC2F265FE78900DA5BD1;
					};
					A440CC50265FE78B00DA5BD1 = {
						CreatedOnToolsVersion = 12.5;
						TestTargetID = A440CC2F265FE78900DA5BD1;
					};
				};
			};
			buildConfigurationList = A440CC2B265FE78900DA5BD1 /* Build configuration list for PBXProject "swiftSdkTest" */;
			compatibilityVersion = "Xcode 9.3";
			developmentRegion = en;
			hasScannedForEncodings = 0;
			knownRegions = (
				en,
				Base,
			);
			mainGroup = A440CC27265FE78900DA5BD1;
			productRefGroup = A440CC31265FE78900DA5BD1 /* Products */;
			projectDirPath = "";
			projectRoot = "";
			targets = (
				A440CC2F265FE78900DA5BD1 /* swiftSdkTest */,
				A440CC45265FE78B00DA5BD1 /* swiftSdkTestTests */,
				A440CC50265FE78B00DA5BD1 /* swiftSdkTestUITests */,
			);
		};
/* End PBXProject section */

/* Begin PBXResourcesBuildPhase section */
		A440CC2E265FE78900DA5BD1 /* Resources */ = {
			isa = PBXResourcesBuildPhase;
			buildActionMask = 2147483647;
			files = (
				A440CC40265FE78B00DA5BD1 /* LaunchScreen.storyboard in Resources */,
				A440CC3D265FE78B00DA5BD1 /* Preview Assets.xcassets in Resources */,
				A440CC3A265FE78B00DA5BD1 /* Assets.xcassets in Resources */,
			);
			runOnlyForDeploymentPostprocessing = 0;
		};
		A440CC44265FE78B00DA5BD1 /* Resources */ = {
			isa = PBXResourcesBuildPhase;
			buildActionMask = 2147483647;
			files = (
			);
			runOnlyForDeploymentPostprocessing = 0;
		};
		A440CC4F265FE78B00DA5BD1 /* Resources */ = {
			isa = PBXResourcesBuildPhase;
			buildActionMask = 2147483647;
			files = (
			);
			runOnlyForDeploymentPostprocessing = 0;
		};
/* End PBXResourcesBuildPhase section */

/* Begin PBXShellScriptBuildPhase section */
		2C6B42A7CB0D83BBA951C173 /* [CP] Embed Pods Frameworks */ = {
			isa = PBXShellScriptBuildPhase;
			buildActionMask = 2147483647;
			files = (
			);
			inputFileListPaths = (
				"${PODS_ROOT}/Target Support Files/Pods-swiftSdkTest/Pods-swiftSdkTest-frameworks-${CONFIGURATION}-input-files.xcfilelist",
			);
			name = "[CP] Embed Pods Frameworks";
			outputFileListPaths = (
				"${PODS_ROOT}/Target Support Files/Pods-swiftSdkTest/Pods-swiftSdkTest-frameworks-${CONFIGURATION}-output-files.xcfilelist",
			);
			runOnlyForDeploymentPostprocessing = 0;
			shellPath = /bin/sh;
			shellScript = "\"${PODS_ROOT}/Target Support Files/Pods-swiftSdkTest/Pods-swiftSdkTest-frameworks.sh\"\n";
			showEnvVarsInLog = 0;
		};
		7F72C2E8154C5A0CCB7C26A1 /* [CP] Check Pods Manifest.lock */ = {
			isa = PBXShellScriptBuildPhase;
			buildActionMask = 2147483647;
			files = (
			);
			inputFileListPaths = (
			);
			inputPaths = (
				"${PODS_PODFILE_DIR_PATH}/Podfile.lock",
				"${PODS_ROOT}/Manifest.lock",
			);
			name = "[CP] Check Pods Manifest.lock";
			outputFileListPaths = (
			);
			outputPaths = (
				"$(DERIVED_FILE_DIR)/Pods-swiftSdkTest-checkManifestLockResult.txt",
			);
			runOnlyForDeploymentPostprocessing = 0;
			shellPath = /bin/sh;
			shellScript = "diff \"${PODS_PODFILE_DIR_PATH}/Podfile.lock\" \"${PODS_ROOT}/Manifest.lock\" > /dev/null\nif [ $? != 0 ] ; then\n    # print error to STDERR\n    echo \"error: The sandbox is not in sync with the Podfile.lock. Run 'pod install' or update your CocoaPods installation.\" >&2\n    exit 1\nfi\n# This output is used by Xcode 'outputs' to avoid re-running this script phase.\necho \"SUCCESS\" > \"${SCRIPT_OUTPUT_FILE_0}\"\n";
			showEnvVarsInLog = 0;
		};
		9559628F5E5C54FC35F4E92C /* [CP] Check Pods Manifest.lock */ = {
			isa = PBXShellScriptBuildPhase;
			buildActionMask = 2147483647;
			files = (
			);
			inputFileListPaths = (
			);
			inputPaths = (
				"${PODS_PODFILE_DIR_PATH}/Podfile.lock",
				"${PODS_ROOT}/Manifest.lock",
			);
			name = "[CP] Check Pods Manifest.lock";
			outputFileListPaths = (
			);
			outputPaths = (
				"$(DERIVED_FILE_DIR)/Pods-swiftSdkTest-swiftSdkTestUITests-checkManifestLockResult.txt",
			);
			runOnlyForDeploymentPostprocessing = 0;
			shellPath = /bin/sh;
			shellScript = "diff \"${PODS_PODFILE_DIR_PATH}/Podfile.lock\" \"${PODS_ROOT}/Manifest.lock\" > /dev/null\nif [ $? != 0 ] ; then\n    # print error to STDERR\n    echo \"error: The sandbox is not in sync with the Podfile.lock. Run 'pod install' or update your CocoaPods installation.\" >&2\n    exit 1\nfi\n# This output is used by Xcode 'outputs' to avoid re-running this script phase.\necho \"SUCCESS\" > \"${SCRIPT_OUTPUT_FILE_0}\"\n";
			showEnvVarsInLog = 0;
		};
		C2D767578053B8905C3E7576 /* [CP] Check Pods Manifest.lock */ = {
			isa = PBXShellScriptBuildPhase;
			buildActionMask = 2147483647;
			files = (
			);
			inputFileListPaths = (
			);
			inputPaths = (
				"${PODS_PODFILE_DIR_PATH}/Podfile.lock",
				"${PODS_ROOT}/Manifest.lock",
			);
			name = "[CP] Check Pods Manifest.lock";
			outputFileListPaths = (
			);
			outputPaths = (
				"$(DERIVED_FILE_DIR)/Pods-swiftSdkTestTests-checkManifestLockResult.txt",
			);
			runOnlyForDeploymentPostprocessing = 0;
			shellPath = /bin/sh;
			shellScript = "diff \"${PODS_PODFILE_DIR_PATH}/Podfile.lock\" \"${PODS_ROOT}/Manifest.lock\" > /dev/null\nif [ $? != 0 ] ; then\n    # print error to STDERR\n    echo \"error: The sandbox is not in sync with the Podfile.lock. Run 'pod install' or update your CocoaPods installation.\" >&2\n    exit 1\nfi\n# This output is used by Xcode 'outputs' to avoid re-running this script phase.\necho \"SUCCESS\" > \"${SCRIPT_OUTPUT_FILE_0}\"\n";
			showEnvVarsInLog = 0;
		};
		F7AF3E4FEB705AE876B17899 /* [CP] Embed Pods Frameworks */ = {
			isa = PBXShellScriptBuildPhase;
			buildActionMask = 2147483647;
			files = (
			);
			inputFileListPaths = (
				"${PODS_ROOT}/Target Support Files/Pods-swiftSdkTest-swiftSdkTestUITests/Pods-swiftSdkTest-swiftSdkTestUITests-frameworks-${CONFIGURATION}-input-files.xcfilelist",
			);
			name = "[CP] Embed Pods Frameworks";
			outputFileListPaths = (
				"${PODS_ROOT}/Target Support Files/Pods-swiftSdkTest-swiftSdkTestUITests/Pods-swiftSdkTest-swiftSdkTestUITests-frameworks-${CONFIGURATION}-output-files.xcfilelist",
			);
			runOnlyForDeploymentPostprocessing = 0;
			shellPath = /bin/sh;
			shellScript = "\"${PODS_ROOT}/Target Support Files/Pods-swiftSdkTest-swiftSdkTestUITests/Pods-swiftSdkTest-swiftSdkTestUITests-frameworks.sh\"\n";
			showEnvVarsInLog = 0;
		};
/* End PBXShellScriptBuildPhase section */

/* Begin PBXSourcesBuildPhase section */
		A440CC2C265FE78900DA5BD1 /* Sources */ = {
			isa = PBXSourcesBuildPhase;
			buildActionMask = 2147483647;
			files = (
				A440CC34265FE78900DA5BD1 /* AppDelegate.swift in Sources */,
				A440CC36265FE78900DA5BD1 /* SceneDelegate.swift in Sources */,
				A440CC38265FE78900DA5BD1 /* ContentView.swift in Sources */,
			);
			runOnlyForDeploymentPostprocessing = 0;
		};
		A440CC42265FE78B00DA5BD1 /* Sources */ = {
			isa = PBXSourcesBuildPhase;
			buildActionMask = 2147483647;
			files = (
				A440CC4B265FE78B00DA5BD1 /* swiftSdkTestTests.swift in Sources */,
			);
			runOnlyForDeploymentPostprocessing = 0;
		};
		A440CC4D265FE78B00DA5BD1 /* Sources */ = {
			isa = PBXSourcesBuildPhase;
			buildActionMask = 2147483647;
			files = (
				A440CC56265FE78B00DA5BD1 /* swiftSdkTestUITests.swift in Sources */,
			);
			runOnlyForDeploymentPostprocessing = 0;
		};
/* End PBXSourcesBuildPhase section */

/* Begin PBXTargetDependency section */
		A440CC48265FE78B00DA5BD1 /* PBXTargetDependency */ = {
			isa = PBXTargetDependency;
			target = A440CC2F265FE78900DA5BD1 /* swiftSdkTest */;
			targetProxy = A440CC47265FE78B00DA5BD1 /* PBXContainerItemProxy */;
		};
		A440CC53265FE78B00DA5BD1 /* PBXTargetDependency */ = {
			isa = PBXTargetDependency;
			target = A440CC2F265FE78900DA5BD1 /* swiftSdkTest */;
			targetProxy = A440CC52265FE78B00DA5BD1 /* PBXContainerItemProxy */;
		};
/* End PBXTargetDependency section */

/* Begin PBXVariantGroup section */
		A440CC3E265FE78B00DA5BD1 /* LaunchScreen.storyboard */ = {
			isa = PBXVariantGroup;
			children = (
				A440CC3F265FE78B00DA5BD1 /* Base */,
			);
			name = LaunchScreen.storyboard;
			sourceTree = "<group>";
		};
/* End PBXVariantGroup section */

/* Begin XCBuildConfiguration section */
		A440CC58265FE78B00DA5BD1 /* Debug */ = {
			isa = XCBuildConfiguration;
			buildSettings = {
				ALWAYS_SEARCH_USER_PATHS = NO;
				CLANG_ANALYZER_NONNULL = YES;
				CLANG_ANALYZER_NUMBER_OBJECT_CONVERSION = YES_AGGRESSIVE;
				CLANG_CXX_LANGUAGE_STANDARD = "gnu++14";
				CLANG_CXX_LIBRARY = "libc++";
				CLANG_ENABLE_MODULES = YES;
				CLANG_ENABLE_OBJC_ARC = YES;
				CLANG_ENABLE_OBJC_WEAK = YES;
				CLANG_WARN_BLOCK_CAPTURE_AUTORELEASING = YES;
				CLANG_WARN_BOOL_CONVERSION = YES;
				CLANG_WARN_COMMA = YES;
				CLANG_WARN_CONSTANT_CONVERSION = YES;
				CLANG_WARN_DEPRECATED_OBJC_IMPLEMENTATIONS = YES;
				CLANG_WARN_DIRECT_OBJC_ISA_USAGE = YES_ERROR;
				CLANG_WARN_DOCUMENTATION_COMMENTS = YES;
				CLANG_WARN_EMPTY_BODY = YES;
				CLANG_WARN_ENUM_CONVERSION = YES;
				CLANG_WARN_INFINITE_RECURSION = YES;
				CLANG_WARN_INT_CONVERSION = YES;
				CLANG_WARN_NON_LITERAL_NULL_CONVERSION = YES;
				CLANG_WARN_OBJC_IMPLICIT_RETAIN_SELF = YES;
				CLANG_WARN_OBJC_LITERAL_CONVERSION = YES;
				CLANG_WARN_OBJC_ROOT_CLASS = YES_ERROR;
				CLANG_WARN_QUOTED_INCLUDE_IN_FRAMEWORK_HEADER = YES;
				CLANG_WARN_RANGE_LOOP_ANALYSIS = YES;
				CLANG_WARN_STRICT_PROTOTYPES = YES;
				CLANG_WARN_SUSPICIOUS_MOVE = YES;
				CLANG_WARN_UNGUARDED_AVAILABILITY = YES_AGGRESSIVE;
				CLANG_WARN_UNREACHABLE_CODE = YES;
				CLANG_WARN__DUPLICATE_METHOD_MATCH = YES;
				COPY_PHASE_STRIP = NO;
				DEBUG_INFORMATION_FORMAT = dwarf;
				ENABLE_STRICT_OBJC_MSGSEND = YES;
				ENABLE_TESTABILITY = YES;
				GCC_C_LANGUAGE_STANDARD = gnu11;
				GCC_DYNAMIC_NO_PIC = NO;
				GCC_NO_COMMON_BLOCKS = YES;
				GCC_OPTIMIZATION_LEVEL = 0;
				GCC_PREPROCESSOR_DEFINITIONS = (
					"DEBUG=1",
					"$(inherited)",
				);
				GCC_WARN_64_TO_32_BIT_CONVERSION = YES;
				GCC_WARN_ABOUT_RETURN_TYPE = YES_ERROR;
				GCC_WARN_UNDECLARED_SELECTOR = YES;
				GCC_WARN_UNINITIALIZED_AUTOS = YES_AGGRESSIVE;
				GCC_WARN_UNUSED_FUNCTION = YES;
				GCC_WARN_UNUSED_VARIABLE = YES;
				IPHONEOS_DEPLOYMENT_TARGET = 14.5;
				MTL_ENABLE_DEBUG_INFO = INCLUDE_SOURCE;
				MTL_FAST_MATH = YES;
				ONLY_ACTIVE_ARCH = YES;
				SDKROOT = iphoneos;
				SWIFT_ACTIVE_COMPILATION_CONDITIONS = DEBUG;
				SWIFT_OPTIMIZATION_LEVEL = "-Onone";
			};
			name = Debug;
		};
		A440CC59265FE78B00DA5BD1 /* Release */ = {
			isa = XCBuildConfiguration;
			buildSettings = {
				ALWAYS_SEARCH_USER_PATHS = NO;
				CLANG_ANALYZER_NONNULL = YES;
				CLANG_ANALYZER_NUMBER_OBJECT_CONVERSION = YES_AGGRESSIVE;
				CLANG_CXX_LANGUAGE_STANDARD = "gnu++14";
				CLANG_CXX_LIBRARY = "libc++";
				CLANG_ENABLE_MODULES = YES;
				CLANG_ENABLE_OBJC_ARC = YES;
				CLANG_ENABLE_OBJC_WEAK = YES;
				CLANG_WARN_BLOCK_CAPTURE_AUTORELEASING = YES;
				CLANG_WARN_BOOL_CONVERSION = YES;
				CLANG_WARN_COMMA = YES;
				CLANG_WARN_CONSTANT_CONVERSION = YES;
				CLANG_WARN_DEPRECATED_OBJC_IMPLEMENTATIONS = YES;
				CLANG_WARN_DIRECT_OBJC_ISA_USAGE = YES_ERROR;
				CLANG_WARN_DOCUMENTATION_COMMENTS = YES;
				CLANG_WARN_EMPTY_BODY = YES;
				CLANG_WARN_ENUM_CONVERSION = YES;
				CLANG_WARN_INFINITE_RECURSION = YES;
				CLANG_WARN_INT_CONVERSION = YES;
				CLANG_WARN_NON_LITERAL_NULL_CONVERSION = YES;
				CLANG_WARN_OBJC_IMPLICIT_RETAIN_SELF = YES;
				CLANG_WARN_OBJC_LITERAL_CONVERSION = YES;
				CLANG_WARN_OBJC_ROOT_CLASS = YES_ERROR;
				CLANG_WARN_QUOTED_INCLUDE_IN_FRAMEWORK_HEADER = YES;
				CLANG_WARN_RANGE_LOOP_ANALYSIS = YES;
				CLANG_WARN_STRICT_PROTOTYPES = YES;
				CLANG_WARN_SUSPICIOUS_MOVE = YES;
				CLANG_WARN_UNGUARDED_AVAILABILITY = YES_AGGRESSIVE;
				CLANG_WARN_UNREACHABLE_CODE = YES;
				CLANG_WARN__DUPLICATE_METHOD_MATCH = YES;
				COPY_PHASE_STRIP = NO;
				DEBUG_INFORMATION_FORMAT = "dwarf-with-dsym";
				ENABLE_NS_ASSERTIONS = NO;
				ENABLE_STRICT_OBJC_MSGSEND = YES;
				GCC_C_LANGUAGE_STANDARD = gnu11;
				GCC_NO_COMMON_BLOCKS = YES;
				GCC_WARN_64_TO_32_BIT_CONVERSION = YES;
				GCC_WARN_ABOUT_RETURN_TYPE = YES_ERROR;
				GCC_WARN_UNDECLARED_SELECTOR = YES;
				GCC_WARN_UNINITIALIZED_AUTOS = YES_AGGRESSIVE;
				GCC_WARN_UNUSED_FUNCTION = YES;
				GCC_WARN_UNUSED_VARIABLE = YES;
				IPHONEOS_DEPLOYMENT_TARGET = 14.5;
				MTL_ENABLE_DEBUG_INFO = NO;
				MTL_FAST_MATH = YES;
				SDKROOT = iphoneos;
				SWIFT_COMPILATION_MODE = wholemodule;
				SWIFT_OPTIMIZATION_LEVEL = "-O";
				VALIDATE_PRODUCT = YES;
			};
			name = Release;
		};
		A440CC5B265FE78B00DA5BD1 /* Debug */ = {
			isa = XCBuildConfiguration;
			baseConfigurationReference = DE920E5895CB6A07BF6A65F0 /* Pods-swiftSdkTest.debug.xcconfig */;
			buildSettings = {
				ASSETCATALOG_COMPILER_APPICON_NAME = AppIcon;
				ASSETCATALOG_COMPILER_GLOBAL_ACCENT_COLOR_NAME = AccentColor;
				CODE_SIGN_IDENTITY = "Apple Development";
				CODE_SIGN_STYLE = Automatic;
				DEVELOPMENT_ASSET_PATHS = "\"swiftSdkTest/Preview Content\"";
				DEVELOPMENT_TEAM = 38554S8TC8;
				ENABLE_PREVIEWS = YES;
				INFOPLIST_FILE = swiftSdkTest/Info.plist;
				LD_RUNPATH_SEARCH_PATHS = (
					"$(inherited)",
					"@executable_path/Frameworks",
				);
				PRODUCT_BUNDLE_IDENTIFIER = kleewho.swiftSdkTest;
				PRODUCT_NAME = "$(TARGET_NAME)";
				PROVISIONING_PROFILE_SPECIFIER = "";
				SWIFT_VERSION = 5.0;
				TARGETED_DEVICE_FAMILY = "1,2";
			};
			name = Debug;
		};
		A440CC5C265FE78B00DA5BD1 /* Release */ = {
			isa = XCBuildConfiguration;
			baseConfigurationReference = 85AC5F48B6E99CA81998DE75 /* Pods-swiftSdkTest.release.xcconfig */;
			buildSettings = {
				ASSETCATALOG_COMPILER_APPICON_NAME = AppIcon;
				ASSETCATALOG_COMPILER_GLOBAL_ACCENT_COLOR_NAME = AccentColor;
				CODE_SIGN_IDENTITY = "Apple Development";
				CODE_SIGN_STYLE = Automatic;
				DEVELOPMENT_ASSET_PATHS = "\"swiftSdkTest/Preview Content\"";
				DEVELOPMENT_TEAM = 38554S8TC8;
				ENABLE_PREVIEWS = YES;
				INFOPLIST_FILE = swiftSdkTest/Info.plist;
				LD_RUNPATH_SEARCH_PATHS = (
					"$(inherited)",
					"@executable_path/Frameworks",
				);
				PRODUCT_BUNDLE_IDENTIFIER = kleewho.swiftSdkTest;
				PRODUCT_NAME = "$(TARGET_NAME)";
				PROVISIONING_PROFILE_SPECIFIER = "";
				SWIFT_VERSION = 5.0;
				TARGETED_DEVICE_FAMILY = "1,2";
			};
			name = Release;
		};
		A440CC5E265FE78B00DA5BD1 /* Debug */ = {
			isa = XCBuildConfiguration;
			baseConfigurationReference = 32735B930A74B93786A5DEF3 /* Pods-swiftSdkTestTests.debug.xcconfig */;
			buildSettings = {
				ALWAYS_EMBED_SWIFT_STANDARD_LIBRARIES = YES;
				BUNDLE_LOADER = "$(TEST_HOST)";
				CODE_SIGN_STYLE = Automatic;
				DEVELOPMENT_TEAM = 38554S8TC8;
				INFOPLIST_FILE = swiftSdkTestTests/Info.plist;
				IPHONEOS_DEPLOYMENT_TARGET = 14.5;
				LD_RUNPATH_SEARCH_PATHS = (
					"$(inherited)",
					"@executable_path/Frameworks",
					"@loader_path/Frameworks",
				);
				PRODUCT_BUNDLE_IDENTIFIER = kleewho.swiftSdkTestTests;
				PRODUCT_NAME = "$(TARGET_NAME)";
				SWIFT_VERSION = 5.0;
				TARGETED_DEVICE_FAMILY = "1,2";
				TEST_HOST = "$(BUILT_PRODUCTS_DIR)/swiftSdkTest.app/swiftSdkTest";
			};
			name = Debug;
		};
		A440CC5F265FE78B00DA5BD1 /* Release */ = {
			isa = XCBuildConfiguration;
			baseConfigurationReference = A85844F232F65207D99363FF /* Pods-swiftSdkTestTests.release.xcconfig */;
			buildSettings = {
				ALWAYS_EMBED_SWIFT_STANDARD_LIBRARIES = YES;
				BUNDLE_LOADER = "$(TEST_HOST)";
				CODE_SIGN_STYLE = Automatic;
				DEVELOPMENT_TEAM = 38554S8TC8;
				INFOPLIST_FILE = swiftSdkTestTests/Info.plist;
				IPHONEOS_DEPLOYMENT_TARGET = 14.5;
				LD_RUNPATH_SEARCH_PATHS = (
					"$(inherited)",
					"@executable_path/Frameworks",
					"@loader_path/Frameworks",
				);
				PRODUCT_BUNDLE_IDENTIFIER = kleewho.swiftSdkTestTests;
				PRODUCT_NAME = "$(TARGET_NAME)";
				SWIFT_VERSION = 5.0;
				TARGETED_DEVICE_FAMILY = "1,2";
				TEST_HOST = "$(BUILT_PRODUCTS_DIR)/swiftSdkTest.app/swiftSdkTest";
			};
			name = Release;
		};
		A440CC61265FE78B00DA5BD1 /* Debug */ = {
			isa = XCBuildConfiguration;
			baseConfigurationReference = A7F4F20D6E0446D4A3CC9D79 /* Pods-swiftSdkTest-swiftSdkTestUITests.debug.xcconfig */;
			buildSettings = {
				ALWAYS_EMBED_SWIFT_STANDARD_LIBRARIES = YES;
				CODE_SIGN_STYLE = Automatic;
				DEVELOPMENT_TEAM = 38554S8TC8;
				INFOPLIST_FILE = swiftSdkTestUITests/Info.plist;
				LD_RUNPATH_SEARCH_PATHS = (
					"$(inherited)",
					"@executable_path/Frameworks",
					"@loader_path/Frameworks",
				);
				PRODUCT_BUNDLE_IDENTIFIER = kleewho.swiftSdkTestUITests;
				PRODUCT_NAME = "$(TARGET_NAME)";
				SWIFT_VERSION = 5.0;
				TARGETED_DEVICE_FAMILY = "1,2";
				TEST_TARGET_NAME = swiftSdkTest;
			};
			name = Debug;
		};
		A440CC62265FE78B00DA5BD1 /* Release */ = {
			isa = XCBuildConfiguration;
			baseConfigurationReference = A9D4C0C756A9774E4D77AAF1 /* Pods-swiftSdkTest-swiftSdkTestUITests.release.xcconfig */;
			buildSettings = {
				ALWAYS_EMBED_SWIFT_STANDARD_LIBRARIES = YES;
				CODE_SIGN_STYLE = Automatic;
				DEVELOPMENT_TEAM = 38554S8TC8;
				INFOPLIST_FILE = swiftSdkTestUITests/Info.plist;
				LD_RUNPATH_SEARCH_PATHS = (
					"$(inherited)",
					"@executable_path/Frameworks",
					"@loader_path/Frameworks",
				);
				PRODUCT_BUNDLE_IDENTIFIER = kleewho.swiftSdkTestUITests;
				PRODUCT_NAME = "$(TARGET_NAME)";
				SWIFT_VERSION = 5.0;
				TARGETED_DEVICE_FAMILY = "1,2";
				TEST_TARGET_NAME = swiftSdkTest;
			};
			name = Release;
		};
/* End XCBuildConfiguration section */

/* Begin XCConfigurationList section */
		A440CC2B265FE78900DA5BD1 /* Build configuration list for PBXProject "swiftSdkTest" */ = {
			isa = XCConfigurationList;
			buildConfigurations = (
				A440CC58265FE78B00DA5BD1 /* Debug */,
				A440CC59265FE78B00DA5BD1 /* Release */,
			);
			defaultConfigurationIsVisible = 0;
			defaultConfigurationName = Release;
		};
		A440CC5A265FE78B00DA5BD1 /* Build configuration list for PBXNativeTarget "swiftSdkTest" */ = {
			isa = XCConfigurationList;
			buildConfigurations = (
				A440CC5B265FE78B00DA5BD1 /* Debug */,
				A440CC5C265FE78B00DA5BD1 /* Release */,
			);
			defaultConfigurationIsVisible = 0;
			defaultConfigurationName = Release;
		};
		A440CC5D265FE78B00DA5BD1 /* Build configuration list for PBXNativeTarget "swiftSdkTestTests" */ = {
			isa = XCConfigurationList;
			buildConfigurations = (
				A440CC5E265FE78B00DA5BD1 /* Debug */,
				A440CC5F265FE78B00DA5BD1 /* Release */,
			);
			defaultConfigurationIsVisible = 0;
			defaultConfigurationName = Release;
		};
		A440CC60265FE78B00DA5BD1 /* Build configuration list for PBXNativeTarget "swiftSdkTestUITests" */ = {
			isa = XCConfigurationList;
			buildConfigurations = (
				A440CC61265FE78B00DA5BD1 /* Debug */,
				A440CC62265FE78B00DA5BD1 /* Release */,
			);
			defaultConfigurationIsVisible = 0;
			defaultConfigurationName = Release;
		};
/* End XCConfigurationList section */
	};
	rootObject = A440CC28265FE78900DA5BD1 /* Project object */;
}
