// !$*UTF8*$!
{
	archiveVersion = 1;
	classes = {
	};
	objectVersion = 51;
	objects = {

/* Begin PBXBuildFile section */
		631B642D11C1CC1074CEB89E /* Pods_swiftSdkTest3.framework in Frameworks */ = {isa = PBXBuildFile; fileRef = D57100E1A338B40E1CCE7EB5 /* Pods_swiftSdkTest3.framework */; };
		97757FA7683FE24D8F08BC54 /* Pods_swiftSdkTest3Tests.framework in Frameworks */ = {isa = PBXBuildFile; fileRef = 15D498F857C8C4F457A49828 /* Pods_swiftSdkTest3Tests.framework */; };
		A4098524266F680500FE795A /* AppDelegate.m in Sources */ = {isa = PBXBuildFile; fileRef = A4098523266F680500FE795A /* AppDelegate.m */; };
		A4098527266F680500FE795A /* SceneDelegate.m in Sources */ = {isa = PBXBuildFile; fileRef = A4098526266F680500FE795A /* SceneDelegate.m */; };
		A409852A266F680500FE795A /* ViewController.m in Sources */ = {isa = PBXBuildFile; fileRef = A4098529266F680500FE795A /* ViewController.m */; };
		A409852D266F680500FE795A /* Main.storyboard in Resources */ = {isa = PBXBuildFile; fileRef = A409852B266F680500FE795A /* Main.storyboard */; };
		A409852F266F680800FE795A /* Assets.xcassets in Resources */ = {isa = PBXBuildFile; fileRef = A409852E266F680800FE795A /* Assets.xcassets */; };
		A4098532266F680800FE795A /* LaunchScreen.storyboard in Resources */ = {isa = PBXBuildFile; fileRef = A4098530266F680800FE795A /* LaunchScreen.storyboard */; };
		A4098535266F680800FE795A /* main.m in Sources */ = {isa = PBXBuildFile; fileRef = A4098534266F680800FE795A /* main.m */; };
		A409853F266F680800FE795A /* swiftSdkTest3Tests.m in Sources */ = {isa = PBXBuildFile; fileRef = A409853E266F680800FE795A /* swiftSdkTest3Tests.m */; };
/* End PBXBuildFile section */

/* Begin PBXContainerItemProxy section */
		A409853B266F680800FE795A /* PBXContainerItemProxy */ = {
			isa = PBXContainerItemProxy;
			containerPortal = A4098517266F680500FE795A /* Project object */;
			proxyType = 1;
			remoteGlobalIDString = A409851E266F680500FE795A;
			remoteInfo = swiftSdkTest3;
		};
/* End PBXContainerItemProxy section */

/* Begin PBXFileReference section */
		15D498F857C8C4F457A49828 /* Pods_swiftSdkTest3Tests.framework */ = {isa = PBXFileReference; explicitFileType = wrapper.framework; includeInIndex = 0; path = Pods_swiftSdkTest3Tests.framework; sourceTree = BUILT_PRODUCTS_DIR; };
		4BA3074613F01C8713CD1468 /* Pods-swiftSdkTest3Tests.release.xcconfig */ = {isa = PBXFileReference; includeInIndex = 1; lastKnownFileType = text.xcconfig; name = "Pods-swiftSdkTest3Tests.release.xcconfig"; path = "Target Support Files/Pods-swiftSdkTest3Tests/Pods-swiftSdkTest3Tests.release.xcconfig"; sourceTree = "<group>"; };
		A409851F266F680500FE795A /* swiftSdkTest3.app */ = {isa = PBXFileReference; explicitFileType = wrapper.application; includeInIndex = 0; path = swiftSdkTest3.app; sourceTree = BUILT_PRODUCTS_DIR; };
		A4098522266F680500FE795A /* AppDelegate.h */ = {isa = PBXFileReference; lastKnownFileType = sourcecode.c.h; path = AppDelegate.h; sourceTree = "<group>"; };
		A4098523266F680500FE795A /* AppDelegate.m */ = {isa = PBXFileReference; lastKnownFileType = sourcecode.c.objc; path = AppDelegate.m; sourceTree = "<group>"; };
		A4098525266F680500FE795A /* SceneDelegate.h */ = {isa = PBXFileReference; lastKnownFileType = sourcecode.c.h; path = SceneDelegate.h; sourceTree = "<group>"; };
		A4098526266F680500FE795A /* SceneDelegate.m */ = {isa = PBXFileReference; lastKnownFileType = sourcecode.c.objc; path = SceneDelegate.m; sourceTree = "<group>"; };
		A4098528266F680500FE795A /* ViewController.h */ = {isa = PBXFileReference; lastKnownFileType = sourcecode.c.h; path = ViewController.h; sourceTree = "<group>"; };
		A4098529266F680500FE795A /* ViewController.m */ = {isa = PBXFileReference; lastKnownFileType = sourcecode.c.objc; path = ViewController.m; sourceTree = "<group>"; };
		A409852C266F680500FE795A /* Base */ = {isa = PBXFileReference; lastKnownFileType = file.storyboard; name = Base; path = Base.lproj/Main.storyboard; sourceTree = "<group>"; };
		A409852E266F680800FE795A /* Assets.xcassets */ = {isa = PBXFileReference; lastKnownFileType = folder.assetcatalog; path = Assets.xcassets; sourceTree = "<group>"; };
		A4098531266F680800FE795A /* Base */ = {isa = PBXFileReference; lastKnownFileType = file.storyboard; name = Base; path = Base.lproj/LaunchScreen.storyboard; sourceTree = "<group>"; };
		A4098533266F680800FE795A /* Info.plist */ = {isa = PBXFileReference; lastKnownFileType = text.plist.xml; path = Info.plist; sourceTree = "<group>"; };
		A4098534266F680800FE795A /* main.m */ = {isa = PBXFileReference; lastKnownFileType = sourcecode.c.objc; path = main.m; sourceTree = "<group>"; };
		A409853A266F680800FE795A /* swiftSdkTest3Tests.xctest */ = {isa = PBXFileReference; explicitFileType = wrapper.cfbundle; includeInIndex = 0; path = swiftSdkTest3Tests.xctest; sourceTree = BUILT_PRODUCTS_DIR; };
		A409853E266F680800FE795A /* swiftSdkTest3Tests.m */ = {isa = PBXFileReference; lastKnownFileType = sourcecode.c.objc; path = swiftSdkTest3Tests.m; sourceTree = "<group>"; };
		A4098540266F680800FE795A /* Info.plist */ = {isa = PBXFileReference; lastKnownFileType = text.plist.xml; path = Info.plist; sourceTree = "<group>"; };
		CCC9CAB7E70C90500FE33E04 /* Pods-swiftSdkTest3Tests.debug.xcconfig */ = {isa = PBXFileReference; includeInIndex = 1; lastKnownFileType = text.xcconfig; name = "Pods-swiftSdkTest3Tests.debug.xcconfig"; path = "Target Support Files/Pods-swiftSdkTest3Tests/Pods-swiftSdkTest3Tests.debug.xcconfig"; sourceTree = "<group>"; };
		D57100E1A338B40E1CCE7EB5 /* Pods_swiftSdkTest3.framework */ = {isa = PBXFileReference; explicitFileType = wrapper.framework; includeInIndex = 0; path = Pods_swiftSdkTest3.framework; sourceTree = BUILT_PRODUCTS_DIR; };
		F22689F18722C7A655E3EEC8 /* Pods-swiftSdkTest3.release.xcconfig */ = {isa = PBXFileReference; includeInIndex = 1; lastKnownFileType = text.xcconfig; name = "Pods-swiftSdkTest3.release.xcconfig"; path = "Target Support Files/Pods-swiftSdkTest3/Pods-swiftSdkTest3.release.xcconfig"; sourceTree = "<group>"; };
		FAEA4989FE6428B24988FF2E /* Pods-swiftSdkTest3.debug.xcconfig */ = {isa = PBXFileReference; includeInIndex = 1; lastKnownFileType = text.xcconfig; name = "Pods-swiftSdkTest3.debug.xcconfig"; path = "Target Support Files/Pods-swiftSdkTest3/Pods-swiftSdkTest3.debug.xcconfig"; sourceTree = "<group>"; };
/* End PBXFileReference section */

/* Begin PBXFrameworksBuildPhase section */
		A409851C266F680500FE795A /* Frameworks */ = {
			isa = PBXFrameworksBuildPhase;
			buildActionMask = 2147483647;
			files = (
				631B642D11C1CC1074CEB89E /* Pods_swiftSdkTest3.framework in Frameworks */,
			);
			runOnlyForDeploymentPostprocessing = 0;
		};
		A4098537266F680800FE795A /* Frameworks */ = {
			isa = PBXFrameworksBuildPhase;
			buildActionMask = 2147483647;
			files = (
				97757FA7683FE24D8F08BC54 /* Pods_swiftSdkTest3Tests.framework in Frameworks */,
			);
			runOnlyForDeploymentPostprocessing = 0;
		};
/* End PBXFrameworksBuildPhase section */

/* Begin PBXGroup section */
		169B321C58DBBE24C021F222 /* Pods */ = {
			isa = PBXGroup;
			children = (
				FAEA4989FE6428B24988FF2E /* Pods-swiftSdkTest3.debug.xcconfig */,
				F22689F18722C7A655E3EEC8 /* Pods-swiftSdkTest3.release.xcconfig */,
				CCC9CAB7E70C90500FE33E04 /* Pods-swiftSdkTest3Tests.debug.xcconfig */,
				4BA3074613F01C8713CD1468 /* Pods-swiftSdkTest3Tests.release.xcconfig */,
			);
			path = Pods;
			sourceTree = "<group>";
		};
		A4098516266F680500FE795A = {
			isa = PBXGroup;
			children = (
				A4098521266F680500FE795A /* swiftSdkTest3 */,
				A409853D266F680800FE795A /* swiftSdkTest3Tests */,
				A4098520266F680500FE795A /* Products */,
				169B321C58DBBE24C021F222 /* Pods */,
				EC51C2A01AAEEDA977357CB1 /* Frameworks */,
			);
			sourceTree = "<group>";
		};
		A4098520266F680500FE795A /* Products */ = {
			isa = PBXGroup;
			children = (
				A409851F266F680500FE795A /* swiftSdkTest3.app */,
				A409853A266F680800FE795A /* swiftSdkTest3Tests.xctest */,
			);
			name = Products;
			sourceTree = "<group>";
		};
		A4098521266F680500FE795A /* swiftSdkTest3 */ = {
			isa = PBXGroup;
			children = (
				A4098522266F680500FE795A /* AppDelegate.h */,
				A4098523266F680500FE795A /* AppDelegate.m */,
				A4098525266F680500FE795A /* SceneDelegate.h */,
				A4098526266F680500FE795A /* SceneDelegate.m */,
				A4098528266F680500FE795A /* ViewController.h */,
				A4098529266F680500FE795A /* ViewController.m */,
				A409852B266F680500FE795A /* Main.storyboard */,
				A409852E266F680800FE795A /* Assets.xcassets */,
				A4098530266F680800FE795A /* LaunchScreen.storyboard */,
				A4098533266F680800FE795A /* Info.plist */,
				A4098534266F680800FE795A /* main.m */,
			);
			path = swiftSdkTest3;
			sourceTree = "<group>";
		};
		A409853D266F680800FE795A /* swiftSdkTest3Tests */ = {
			isa = PBXGroup;
			children = (
				A409853E266F680800FE795A /* swiftSdkTest3Tests.m */,
				A4098540266F680800FE795A /* Info.plist */,
			);
			path = swiftSdkTest3Tests;
			sourceTree = "<group>";
		};
		EC51C2A01AAEEDA977357CB1 /* Frameworks */ = {
			isa = PBXGroup;
			children = (
				D57100E1A338B40E1CCE7EB5 /* Pods_swiftSdkTest3.framework */,
				15D498F857C8C4F457A49828 /* Pods_swiftSdkTest3Tests.framework */,
			);
			name = Frameworks;
			sourceTree = "<group>";
		};
/* End PBXGroup section */

/* Begin PBXNativeTarget section */
		A409851E266F680500FE795A /* swiftSdkTest3 */ = {
			isa = PBXNativeTarget;
			buildConfigurationList = A4098543266F680800FE795A /* Build configuration list for PBXNativeTarget "swiftSdkTest3" */;
			buildPhases = (
				C183B303E4255F2CF9C33ED2 /* [CP] Check Pods Manifest.lock */,
				A409851B266F680500FE795A /* Sources */,
				A409851C266F680500FE795A /* Frameworks */,
				A409851D266F680500FE795A /* Resources */,
				2D3E0850146AF7B2FF5C5472 /* [CP] Embed Pods Frameworks */,
			);
			buildRules = (
			);
			dependencies = (
			);
			name = swiftSdkTest3;
			productName = swiftSdkTest3;
			productReference = A409851F266F680500FE795A /* swiftSdkTest3.app */;
			productType = "com.apple.product-type.application";
		};
		A4098539266F680800FE795A /* swiftSdkTest3Tests */ = {
			isa = PBXNativeTarget;
			buildConfigurationList = A4098546266F680800FE795A /* Build configuration list for PBXNativeTarget "swiftSdkTest3Tests" */;
			buildPhases = (
				FC8ABE24A615CAF1A6CCEC82 /* [CP] Check Pods Manifest.lock */,
				A4098536266F680800FE795A /* Sources */,
				A4098537266F680800FE795A /* Frameworks */,
				A4098538266F680800FE795A /* Resources */,
			);
			buildRules = (
			);
			dependencies = (
				A409853C266F680800FE795A /* PBXTargetDependency */,
			);
			name = swiftSdkTest3Tests;
			productName = swiftSdkTest3Tests;
			productReference = A409853A266F680800FE795A /* swiftSdkTest3Tests.xctest */;
			productType = "com.apple.product-type.bundle.unit-test";
		};
/* End PBXNativeTarget section */

/* Begin PBXProject section */
		A4098517266F680500FE795A /* Project object */ = {
			isa = PBXProject;
			attributes = {
				LastUpgradeCheck = 1160;
				ORGANIZATIONNAME = "Lukasz Klich";
				TargetAttributes = {
					A409851E266F680500FE795A = {
						CreatedOnToolsVersion = 11.6;
					};
					A4098539266F680800FE795A = {
						CreatedOnToolsVersion = 11.6;
						TestTargetID = A409851E266F680500FE795A;
					};
				};
			};
			buildConfigurationList = A409851A266F680500FE795A /* Build configuration list for PBXProject "swiftSdkTest3" */;
			compatibilityVersion = "Xcode 9.3";
			developmentRegion = en;
			hasScannedForEncodings = 0;
			knownRegions = (
				en,
				Base,
			);
			mainGroup = A4098516266F680500FE795A;
			productRefGroup = A4098520266F680500FE795A /* Products */;
			projectDirPath = "";
			projectRoot = "";
			targets = (
				A409851E266F680500FE795A /* swiftSdkTest3 */,
				A4098539266F680800FE795A /* swiftSdkTest3Tests */,
			);
		};
/* End PBXProject section */

/* Begin PBXResourcesBuildPhase section */
		A409851D266F680500FE795A /* Resources */ = {
			isa = PBXResourcesBuildPhase;
			buildActionMask = 2147483647;
			files = (
				A4098532266F680800FE795A /* LaunchScreen.storyboard in Resources */,
				A409852F266F680800FE795A /* Assets.xcassets in Resources */,
				A409852D266F680500FE795A /* Main.storyboard in Resources */,
			);
			runOnlyForDeploymentPostprocessing = 0;
		};
		A4098538266F680800FE795A /* Resources */ = {
			isa = PBXResourcesBuildPhase;
			buildActionMask = 2147483647;
			files = (
			);
			runOnlyForDeploymentPostprocessing = 0;
		};
/* End PBXResourcesBuildPhase section */

/* Begin PBXShellScriptBuildPhase section */
		2D3E0850146AF7B2FF5C5472 /* [CP] Embed Pods Frameworks */ = {
			isa = PBXShellScriptBuildPhase;
			buildActionMask = 2147483647;
			files = (
			);
			inputFileListPaths = (
				"${PODS_ROOT}/Target Support Files/Pods-swiftSdkTest3/Pods-swiftSdkTest3-frameworks-${CONFIGURATION}-input-files.xcfilelist",
			);
			name = "[CP] Embed Pods Frameworks";
			outputFileListPaths = (
				"${PODS_ROOT}/Target Support Files/Pods-swiftSdkTest3/Pods-swiftSdkTest3-frameworks-${CONFIGURATION}-output-files.xcfilelist",
			);
			runOnlyForDeploymentPostprocessing = 0;
			shellPath = /bin/sh;
			shellScript = "\"${PODS_ROOT}/Target Support Files/Pods-swiftSdkTest3/Pods-swiftSdkTest3-frameworks.sh\"\n";
			showEnvVarsInLog = 0;
		};
		C183B303E4255F2CF9C33ED2 /* [CP] Check Pods Manifest.lock */ = {
			isa = PBXShellScriptBuildPhase;
			buildActionMask = 2147483647;
			files = (
			);
			inputFileListPaths = (
			);
			inputPaths = (
				"${PODS_PODFILE_DIR_PATH}/Podfile.lock",
				"${PODS_ROOT}/Manifest.lock",
			);
			name = "[CP] Check Pods Manifest.lock";
			outputFileListPaths = (
			);
			outputPaths = (
				"$(DERIVED_FILE_DIR)/Pods-swiftSdkTest3-checkManifestLockResult.txt",
			);
			runOnlyForDeploymentPostprocessing = 0;
			shellPath = /bin/sh;
			shellScript = "diff \"${PODS_PODFILE_DIR_PATH}/Podfile.lock\" \"${PODS_ROOT}/Manifest.lock\" > /dev/null\nif [ $? != 0 ] ; then\n    # print error to STDERR\n    echo \"error: The sandbox is not in sync with the Podfile.lock. Run 'pod install' or update your CocoaPods installation.\" >&2\n    exit 1\nfi\n# This output is used by Xcode 'outputs' to avoid re-running this script phase.\necho \"SUCCESS\" > \"${SCRIPT_OUTPUT_FILE_0}\"\n";
			showEnvVarsInLog = 0;
		};
		FC8ABE24A615CAF1A6CCEC82 /* [CP] Check Pods Manifest.lock */ = {
			isa = PBXShellScriptBuildPhase;
			buildActionMask = 2147483647;
			files = (
			);
			inputFileListPaths = (
			);
			inputPaths = (
				"${PODS_PODFILE_DIR_PATH}/Podfile.lock",
				"${PODS_ROOT}/Manifest.lock",
			);
			name = "[CP] Check Pods Manifest.lock";
			outputFileListPaths = (
			);
			outputPaths = (
				"$(DERIVED_FILE_DIR)/Pods-swiftSdkTest3Tests-checkManifestLockResult.txt",
			);
			runOnlyForDeploymentPostprocessing = 0;
			shellPath = /bin/sh;
			shellScript = "diff \"${PODS_PODFILE_DIR_PATH}/Podfile.lock\" \"${PODS_ROOT}/Manifest.lock\" > /dev/null\nif [ $? != 0 ] ; then\n    # print error to STDERR\n    echo \"error: The sandbox is not in sync with the Podfile.lock. Run 'pod install' or update your CocoaPods installation.\" >&2\n    exit 1\nfi\n# This output is used by Xcode 'outputs' to avoid re-running this script phase.\necho \"SUCCESS\" > \"${SCRIPT_OUTPUT_FILE_0}\"\n";
			showEnvVarsInLog = 0;
		};
/* End PBXShellScriptBuildPhase section */

/* Begin PBXSourcesBuildPhase section */
		A409851B266F680500FE795A /* Sources */ = {
			isa = PBXSourcesBuildPhase;
			buildActionMask = 2147483647;
			files = (
				A409852A266F680500FE795A /* ViewController.m in Sources */,
				A4098524266F680500FE795A /* AppDelegate.m in Sources */,
				A4098535266F680800FE795A /* main.m in Sources */,
				A4098527266F680500FE795A /* SceneDelegate.m in Sources */,
			);
			runOnlyForDeploymentPostprocessing = 0;
		};
		A4098536266F680800FE795A /* Sources */ = {
			isa = PBXSourcesBuildPhase;
			buildActionMask = 2147483647;
			files = (
				A409853F266F680800FE795A /* swiftSdkTest3Tests.m in Sources */,
			);
			runOnlyForDeploymentPostprocessing = 0;
		};
/* End PBXSourcesBuildPhase section */

/* Begin PBXTargetDependency section */
		A409853C266F680800FE795A /* PBXTargetDependency */ = {
			isa = PBXTargetDependency;
			target = A409851E266F680500FE795A /* swiftSdkTest3 */;
			targetProxy = A409853B266F680800FE795A /* PBXContainerItemProxy */;
		};
/* End PBXTargetDependency section */

/* Begin PBXVariantGroup section */
		A409852B266F680500FE795A /* Main.storyboard */ = {
			isa = PBXVariantGroup;
			children = (
				A409852C266F680500FE795A /* Base */,
			);
			name = Main.storyboard;
			sourceTree = "<group>";
		};
		A4098530266F680800FE795A /* LaunchScreen.storyboard */ = {
			isa = PBXVariantGroup;
			children = (
				A4098531266F680800FE795A /* Base */,
			);
			name = LaunchScreen.storyboard;
			sourceTree = "<group>";
		};
/* End PBXVariantGroup section */

/* Begin XCBuildConfiguration section */
		A4098541266F680800FE795A /* Debug */ = {
			isa = XCBuildConfiguration;
			buildSettings = {
				ALWAYS_SEARCH_USER_PATHS = NO;
				CLANG_ANALYZER_NONNULL = YES;
				CLANG_ANALYZER_NUMBER_OBJECT_CONVERSION = YES_AGGRESSIVE;
				CLANG_CXX_LANGUAGE_STANDARD = "gnu++14";
				CLANG_CXX_LIBRARY = "libc++";
				CLANG_ENABLE_MODULES = YES;
				CLANG_ENABLE_OBJC_ARC = YES;
				CLANG_ENABLE_OBJC_WEAK = YES;
				CLANG_WARN_BLOCK_CAPTURE_AUTORELEASING = YES;
				CLANG_WARN_BOOL_CONVERSION = YES;
				CLANG_WARN_COMMA = YES;
				CLANG_WARN_CONSTANT_CONVERSION = YES;
				CLANG_WARN_DEPRECATED_OBJC_IMPLEMENTATIONS = YES;
				CLANG_WARN_DIRECT_OBJC_ISA_USAGE = YES_ERROR;
				CLANG_WARN_DOCUMENTATION_COMMENTS = YES;
				CLANG_WARN_EMPTY_BODY = YES;
				CLANG_WARN_ENUM_CONVERSION = YES;
				CLANG_WARN_INFINITE_RECURSION = YES;
				CLANG_WARN_INT_CONVERSION = YES;
				CLANG_WARN_NON_LITERAL_NULL_CONVERSION = YES;
				CLANG_WARN_OBJC_IMPLICIT_RETAIN_SELF = YES;
				CLANG_WARN_OBJC_LITERAL_CONVERSION = YES;
				CLANG_WARN_OBJC_ROOT_CLASS = YES_ERROR;
				CLANG_WARN_RANGE_LOOP_ANALYSIS = YES;
				CLANG_WARN_STRICT_PROTOTYPES = YES;
				CLANG_WARN_SUSPICIOUS_MOVE = YES;
				CLANG_WARN_UNGUARDED_AVAILABILITY = YES_AGGRESSIVE;
				CLANG_WARN_UNREACHABLE_CODE = YES;
				CLANG_WARN__DUPLICATE_METHOD_MATCH = YES;
				COPY_PHASE_STRIP = NO;
				DEBUG_INFORMATION_FORMAT = dwarf;
				ENABLE_STRICT_OBJC_MSGSEND = YES;
				ENABLE_TESTABILITY = YES;
				GCC_C_LANGUAGE_STANDARD = gnu11;
				GCC_DYNAMIC_NO_PIC = NO;
				GCC_NO_COMMON_BLOCKS = YES;
				GCC_OPTIMIZATION_LEVEL = 0;
				GCC_PREPROCESSOR_DEFINITIONS = (
					"DEBUG=1",
					"$(inherited)",
				);
				GCC_WARN_64_TO_32_BIT_CONVERSION = YES;
				GCC_WARN_ABOUT_RETURN_TYPE = YES_ERROR;
				GCC_WARN_UNDECLARED_SELECTOR = YES;
				GCC_WARN_UNINITIALIZED_AUTOS = YES_AGGRESSIVE;
				GCC_WARN_UNUSED_FUNCTION = YES;
				GCC_WARN_UNUSED_VARIABLE = YES;
				IPHONEOS_DEPLOYMENT_TARGET = 13.6;
				MTL_ENABLE_DEBUG_INFO = INCLUDE_SOURCE;
				MTL_FAST_MATH = YES;
				ONLY_ACTIVE_ARCH = YES;
				SDKROOT = iphoneos;
			};
			name = Debug;
		};
		A4098542266F680800FE795A /* Release */ = {
			isa = XCBuildConfiguration;
			buildSettings = {
				ALWAYS_SEARCH_USER_PATHS = NO;
				CLANG_ANALYZER_NONNULL = YES;
				CLANG_ANALYZER_NUMBER_OBJECT_CONVERSION = YES_AGGRESSIVE;
				CLANG_CXX_LANGUAGE_STANDARD = "gnu++14";
				CLANG_CXX_LIBRARY = "libc++";
				CLANG_ENABLE_MODULES = YES;
				CLANG_ENABLE_OBJC_ARC = YES;
				CLANG_ENABLE_OBJC_WEAK = YES;
				CLANG_WARN_BLOCK_CAPTURE_AUTORELEASING = YES;
				CLANG_WARN_BOOL_CONVERSION = YES;
				CLANG_WARN_COMMA = YES;
				CLANG_WARN_CONSTANT_CONVERSION = YES;
				CLANG_WARN_DEPRECATED_OBJC_IMPLEMENTATIONS = YES;
				CLANG_WARN_DIRECT_OBJC_ISA_USAGE = YES_ERROR;
				CLANG_WARN_DOCUMENTATION_COMMENTS = YES;
				CLANG_WARN_EMPTY_BODY = YES;
				CLANG_WARN_ENUM_CONVERSION = YES;
				CLANG_WARN_INFINITE_RECURSION = YES;
				CLANG_WARN_INT_CONVERSION = YES;
				CLANG_WARN_NON_LITERAL_NULL_CONVERSION = YES;
				CLANG_WARN_OBJC_IMPLICIT_RETAIN_SELF = YES;
				CLANG_WARN_OBJC_LITERAL_CONVERSION = YES;
				CLANG_WARN_OBJC_ROOT_CLASS = YES_ERROR;
				CLANG_WARN_RANGE_LOOP_ANALYSIS = YES;
				CLANG_WARN_STRICT_PROTOTYPES = YES;
				CLANG_WARN_SUSPICIOUS_MOVE = YES;
				CLANG_WARN_UNGUARDED_AVAILABILITY = YES_AGGRESSIVE;
				CLANG_WARN_UNREACHABLE_CODE = YES;
				CLANG_WARN__DUPLICATE_METHOD_MATCH = YES;
				COPY_PHASE_STRIP = NO;
				DEBUG_INFORMATION_FORMAT = "dwarf-with-dsym";
				ENABLE_NS_ASSERTIONS = NO;
				ENABLE_STRICT_OBJC_MSGSEND = YES;
				GCC_C_LANGUAGE_STANDARD = gnu11;
				GCC_NO_COMMON_BLOCKS = YES;
				GCC_WARN_64_TO_32_BIT_CONVERSION = YES;
				GCC_WARN_ABOUT_RETURN_TYPE = YES_ERROR;
				GCC_WARN_UNDECLARED_SELECTOR = YES;
				GCC_WARN_UNINITIALIZED_AUTOS = YES_AGGRESSIVE;
				GCC_WARN_UNUSED_FUNCTION = YES;
				GCC_WARN_UNUSED_VARIABLE = YES;
				IPHONEOS_DEPLOYMENT_TARGET = 13.6;
				MTL_ENABLE_DEBUG_INFO = NO;
				MTL_FAST_MATH = YES;
				SDKROOT = iphoneos;
				VALIDATE_PRODUCT = YES;
			};
			name = Release;
		};
		A4098544266F680800FE795A /* Debug */ = {
			isa = XCBuildConfiguration;
			baseConfigurationReference = FAEA4989FE6428B24988FF2E /* Pods-swiftSdkTest3.debug.xcconfig */;
			buildSettings = {
				ASSETCATALOG_COMPILER_APPICON_NAME = AppIcon;
				CODE_SIGN_IDENTITY = "iPhone Developer";
				CODE_SIGN_STYLE = Manual;
				DEVELOPMENT_TEAM = LJE3GJ53Z7;
				INFOPLIST_FILE = swiftSdkTest3/Info.plist;
				LD_RUNPATH_SEARCH_PATHS = (
					"$(inherited)",
					"@executable_path/Frameworks",
				);
				PRODUCT_BUNDLE_IDENTIFIER = com.kleewho.swiftSdkTest3;
				PRODUCT_NAME = "$(TARGET_NAME)";
				PROVISIONING_PROFILE_SPECIFIER = "Lukasz Klich apps";
				TARGETED_DEVICE_FAMILY = "1,2";
			};
			name = Debug;
		};
		A4098545266F680800FE795A /* Release */ = {
			isa = XCBuildConfiguration;
			baseConfigurationReference = F22689F18722C7A655E3EEC8 /* Pods-swiftSdkTest3.release.xcconfig */;
			buildSettings = {
				ASSETCATALOG_COMPILER_APPICON_NAME = AppIcon;
				CODE_SIGN_IDENTITY = "iPhone Developer";
				CODE_SIGN_STYLE = Manual;
				DEVELOPMENT_TEAM = LJE3GJ53Z7;
				INFOPLIST_FILE = swiftSdkTest3/Info.plist;
				LD_RUNPATH_SEARCH_PATHS = (
					"$(inherited)",
					"@executable_path/Frameworks",
				);
				PRODUCT_BUNDLE_IDENTIFIER = com.kleewho.swiftSdkTest3;
				PRODUCT_NAME = "$(TARGET_NAME)";
				PROVISIONING_PROFILE_SPECIFIER = "Lukasz Klich apps";
				TARGETED_DEVICE_FAMILY = "1,2";
			};
			name = Release;
		};
		A4098547266F680800FE795A /* Debug */ = {
			isa = XCBuildConfiguration;
			baseConfigurationReference = CCC9CAB7E70C90500FE33E04 /* Pods-swiftSdkTest3Tests.debug.xcconfig */;
			buildSettings = {
				BUNDLE_LOADER = "$(TEST_HOST)";
				CODE_SIGN_IDENTITY = "Apple Development";
				"CODE_SIGN_IDENTITY[sdk=macosx*]" = "Apple Development";
				CODE_SIGN_STYLE = Manual;
				DEVELOPMENT_TEAM = LJE3GJ53Z7;
				INFOPLIST_FILE = swiftSdkTest3Tests/Info.plist;
				IPHONEOS_DEPLOYMENT_TARGET = 13.6;
				LD_RUNPATH_SEARCH_PATHS = (
					"$(inherited)",
					"@executable_path/Frameworks",
					"@loader_path/Frameworks",
				);
				PRODUCT_BUNDLE_IDENTIFIER = kleewho.swiftSdkTest3Tests;
				PRODUCT_NAME = "$(TARGET_NAME)";
				PROVISIONING_PROFILE_SPECIFIER = "";
				"PROVISIONING_PROFILE_SPECIFIER[sdk=macosx*]" = "";
				TARGETED_DEVICE_FAMILY = "1,2";
				TEST_HOST = "$(BUILT_PRODUCTS_DIR)/swiftSdkTest3.app/swiftSdkTest3";
			};
			name = Debug;
		};
		A4098548266F680800FE795A /* Release */ = {
			isa = XCBuildConfiguration;
			baseConfigurationReference = 4BA3074613F01C8713CD1468 /* Pods-swiftSdkTest3Tests.release.xcconfig */;
			buildSettings = {
				BUNDLE_LOADER = "$(TEST_HOST)";
				CODE_SIGN_IDENTITY = "Apple Development";
				"CODE_SIGN_IDENTITY[sdk=macosx*]" = "Apple Development";
				CODE_SIGN_STYLE = Manual;
				DEVELOPMENT_TEAM = LJE3GJ53Z7;
				INFOPLIST_FILE = swiftSdkTest3Tests/Info.plist;
				IPHONEOS_DEPLOYMENT_TARGET = 13.6;
				LD_RUNPATH_SEARCH_PATHS = (
					"$(inherited)",
					"@executable_path/Frameworks",
					"@loader_path/Frameworks",
				);
				PRODUCT_BUNDLE_IDENTIFIER = kleewho.swiftSdkTest3Tests;
				PRODUCT_NAME = "$(TARGET_NAME)";
				PROVISIONING_PROFILE_SPECIFIER = "";
				"PROVISIONING_PROFILE_SPECIFIER[sdk=macosx*]" = "";
				TARGETED_DEVICE_FAMILY = "1,2";
				TEST_HOST = "$(BUILT_PRODUCTS_DIR)/swiftSdkTest3.app/swiftSdkTest3";
			};
			name = Release;
		};
/* End XCBuildConfiguration section */

/* Begin XCConfigurationList section */
		A409851A266F680500FE795A /* Build configuration list for PBXProject "swiftSdkTest3" */ = {
			isa = XCConfigurationList;
			buildConfigurations = (
				A4098541266F680800FE795A /* Debug */,
				A4098542266F680800FE795A /* Release */,
			);
			defaultConfigurationIsVisible = 0;
			defaultConfigurationName = Release;
		};
		A4098543266F680800FE795A /* Build configuration list for PBXNativeTarget "swiftSdkTest3" */ = {
			isa = XCConfigurationList;
			buildConfigurations = (
				A4098544266F680800FE795A /* Debug */,
				A4098545266F680800FE795A /* Release */,
			);
			defaultConfigurationIsVisible = 0;
			defaultConfigurationName = Release;
		};
		A4098546266F680800FE795A /* Build configuration list for PBXNativeTarget "swiftSdkTest3Tests" */ = {
			isa = XCConfigurationList;
			buildConfigurations = (
				A4098547266F680800FE795A /* Debug */,
				A4098548266F680800FE795A /* Release */,
			);
			defaultConfigurationIsVisible = 0;
			defaultConfigurationName = Release;
		};
/* End XCConfigurationList section */
	};
	rootObject = A4098517266F680500FE795A /* Project object */;
}
